
Microsoft Visual Studio Solution File, Format Version 12.00
# Visual Studio 2012
Project("{FAE04EC0-301F-11D3-BF4B-00C04F79EFBC}") = "Project LENA", "Project LENA\Project LENA.csproj", "{7F8E1A26-B667-4E00-B49C-66CA5BFB959E}"
EndProject
Global
	GlobalSection(SolutionConfigurationPlatforms) = preSolution
		Debug|Any CPU = Debug|Any CPU
		Release|Any CPU = Release|Any CPU
	EndGlobalSection
	GlobalSection(ProjectConfigurationPlatforms) = postSolution
		{7F8E1A26-B667-4E00-B49C-66CA5BFB959E}.Debug|Any CPU.ActiveCfg = Debug|Any CPU
		{7F8E1A26-B667-4E00-B49C-66CA5BFB959E}.Debug|Any CPU.Build.0 = Debug|Any CPU
		{7F8E1A26-B667-4E00-B49C-66CA5BFB959E}.Release|Any CPU.ActiveCfg = Release|Any CPU
		{7F8E1A26-B667-4E00-B49C-66CA5BFB959E}.Release|Any CPU.Build.0 = Release|Any CPU
	EndGlobalSection
	GlobalSection(SolutionProperties) = preSolution
		HideSolutionNode = FALSE
	EndGlobalSection
EndGlobal
